
Microsoft Visual Studio Solution File, Format Version 12.00
# Visual Studio Version 17
VisualStudioVersion = 17.0.31903.59
MinimumVisualStudioVersion = 10.0.40219.1
Project("{FAE04EC0-301F-11D3-BF4B-00C04F79EFBC}") = "TecNM.Practica1.App", "TecNM.Practica1.App\TecNM.Practica1.App.csproj", "{40674726-6947-46DB-9DF2-BA64AAD6F04F}"
EndProject
Project("{FAE04EC0-301F-11D3-BF4B-00C04F79EFBC}") = "TecNM.Practica1.Core", "TecNM.Practica1.Core\TecNM.Practica1.Core.csproj", "{A9263E9D-BD6F-478B-A8D0-BD32494FBED3}"
EndProject
Global
	GlobalSection(SolutionConfigurationPlatforms) = preSolution
		Debug|Any CPU = Debug|Any CPU
		Release|Any CPU = Release|Any CPU
	EndGlobalSection
	GlobalSection(SolutionProperties) = preSolution
		HideSolutionNode = FALSE
	EndGlobalSection
	GlobalSection(ProjectConfigurationPlatforms) = postSolution
		{40674726-6947-46DB-9DF2-BA64AAD6F04F}.Debug|Any CPU.ActiveCfg = Debug|Any CPU
		{40674726-6947-46DB-9DF2-BA64AAD6F04F}.Debug|Any CPU.Build.0 = Debug|Any CPU
		{40674726-6947-46DB-9DF2-BA64AAD6F04F}.Release|Any CPU.ActiveCfg = Release|Any CPU
		{40674726-6947-46DB-9DF2-BA64AAD6F04F}.Release|Any CPU.Build.0 = Release|Any CPU
		{A9263E9D-BD6F-478B-A8D0-BD32494FBED3}.Debug|Any CPU.ActiveCfg = Debug|Any CPU
		{A9263E9D-BD6F-478B-A8D0-BD32494FBED3}.Debug|Any CPU.Build.0 = Debug|Any CPU
		{A9263E9D-BD6F-478B-A8D0-BD32494FBED3}.Release|Any CPU.ActiveCfg = Release|Any CPU
		{A9263E9D-BD6F-478B-A8D0-BD32494FBED3}.Release|Any CPU.Build.0 = Release|Any CPU
	EndGlobalSection
EndGlobal
